
Microsoft Visual Studio Solution File, Format Version 12.00
# Visual Studio Version 16
VisualStudioVersion = 16.0.30621.155
MinimumVisualStudioVersion = 10.0.40219.1
Project("{FAE04EC0-301F-11D3-BF4B-00C04F79EFBC}") = "UserIntrfaceCalc", "UserIntrfaceCalc\UserIntrfaceCalc.csproj", "{3EC69C5A-4C50-4D47-95BF-0F2E8B5D4250}"
EndProject
Global
	GlobalSection(SolutionConfigurationPlatforms) = preSolution
		Debug|Any CPU = Debug|Any CPU
		Release|Any CPU = Release|Any CPU
	EndGlobalSection
	GlobalSection(ProjectConfigurationPlatforms) = postSolution
		{3EC69C5A-4C50-4D47-95BF-0F2E8B5D4250}.Debug|Any CPU.ActiveCfg = Debug|Any CPU
		{3EC69C5A-4C50-4D47-95BF-0F2E8B5D4250}.Debug|Any CPU.Build.0 = Debug|Any CPU
		{3EC69C5A-4C50-4D47-95BF-0F2E8B5D4250}.Release|Any CPU.ActiveCfg = Release|Any CPU
		{3EC69C5A-4C50-4D47-95BF-0F2E8B5D4250}.Release|Any CPU.Build.0 = Release|Any CPU
	EndGlobalSection
	GlobalSection(SolutionProperties) = preSolution
		HideSolutionNode = FALSE
	EndGlobalSection
	GlobalSection(ExtensibilityGlobals) = postSolution
		SolutionGuid = {68E9797C-28F4-40BC-8971-0AB6259638A3}
	EndGlobalSection
EndGlobal
